{
  "object": {
    "pins": [
      {
        "package": "Deferred",
        "repositoryURL": "https://github.com/bignerdranch/Deferred.git",
        "state": {
          "branch": null,
          "revision": "96ad3f6dd1ddaffe1830dbb3b1cb783a87d6e952",
          "version": "4.1.0"
        }
      },
      {
        "package": "IQKeyboardManagerSwift",
        "repositoryURL": "https://github.com/hackiftekhar/IQKeyboardManager.git",
        "state": {
          "branch": null,
          "revision": "4dc6bc7d1c9747bd0c261c8c055903f9fdef91f7",
          "version": "6.5.6"
        }
      },
      {
        "package": "Nuke",
        "repositoryURL": "https://github.com/kean/Nuke.git",
        "state": {
          "branch": null,
          "revision": "e2eb1b7b82983c6f6a2df496e850406a78cdef05",
          "version": "9.3.0"
        }
      },
      {
        "package": "SnapshotTesting",
        "repositoryURL": "https://github.com/pointfreeco/swift-snapshot-testing",
        "state": {
          "branch": null,
          "revision": "c466812aa2e22898f27557e2e780d3aad7a27203",
          "version": "1.8.2"
        }
      }
    ]
  },
  "version": 1
}
